
Microsoft Visual Studio Solution File, Format Version 12.00
# Visual Studio 15
VisualStudioVersion = 15.0.28307.572
MinimumVisualStudioVersion = 10.0.40219.1
Project("{9A19103F-16F7-4668-BE54-9A1E7A4F7556}") = "IdentityDemo", "IdentityDemo.csproj", "{77A550C1-BA24-431D-ADCD-1B59B63D42C2}"
EndProject
Global
	GlobalSection(SolutionConfigurationPlatforms) = preSolution
		Debug|Any CPU = Debug|Any CPU
		Release|Any CPU = Release|Any CPU
	EndGlobalSection
	GlobalSection(ProjectConfigurationPlatforms) = postSolution
		{77A550C1-BA24-431D-ADCD-1B59B63D42C2}.Debug|Any CPU.ActiveCfg = Debug|Any CPU
		{77A550C1-BA24-431D-ADCD-1B59B63D42C2}.Debug|Any CPU.Build.0 = Debug|Any CPU
		{77A550C1-BA24-431D-ADCD-1B59B63D42C2}.Release|Any CPU.ActiveCfg = Release|Any CPU
		{77A550C1-BA24-431D-ADCD-1B59B63D42C2}.Release|Any CPU.Build.0 = Release|Any CPU
	EndGlobalSection
	GlobalSection(SolutionProperties) = preSolution
		HideSolutionNode = FALSE
	EndGlobalSection
	GlobalSection(ExtensibilityGlobals) = postSolution
		SolutionGuid = {D3E574A4-22CC-48E7-8A5C-48895B56192B}
	EndGlobalSection
EndGlobal
